<?xml version="1.0" encoding="UTF-8"?>
<Scheme
   LastUpgradeVersion = "1240"
   version = "1.3">
   <BuildAction
      parallelizeBuildables = "YES"
      buildImplicitDependencies = "YES">
      <BuildActionEntries>
         <BuildActionEntry
            buildForTesting = "YES"
            buildForRunning = "YES"
            buildForProfiling = "YES"
            buildForArchiving = "YES"
            buildForAnalyzing = "YES">
            <BuildableReference
               BuildableIdentifier = "primary"
               BlueprintIdentifier = "0FFB4F1E25B342890092BC48"
               BuildableName = "Connect4CLI"
               BlueprintName = "Connect4CLI"
               ReferencedContainer = "container:Connect4.xcodeproj">
            </BuildableReference>
         </BuildActionEntry>
      </BuildActionEntries>
   </BuildAction>
   <TestAction
      buildConfiguration = "Debug"
      selectedDebuggerIdentifier = "Xcode.DebuggerFoundation.Debugger.LLDB"
      selectedLauncherIdentifier = "Xcode.DebuggerFoundation.Launcher.LLDB"
      shouldUseLaunchSchemeArgsEnv = "YES">
      <Testables>
      </Testables>
   </TestAction>
   <LaunchAction
      buildConfiguration = "Release"
      selectedDebuggerIdentifier = "Xcode.DebuggerFoundation.Debugger.LLDB"
      selectedLauncherIdentifier = "Xcode.DebuggerFoundation.Launcher.LLDB"
      launchStyle = "0"
      useCustomWorkingDirectory = "NO"
      ignoresPersistentStateOnLaunch = "NO"
      debugDocumentVersioning = "YES"
      debugServiceExtension = "internal"
      allowLocationSimulation = "YES">
      <BuildableProductRunnable
         runnableDebuggingMode = "0">
         <BuildableReference
            BuildableIdentifier = "primary"
            BlueprintIdentifier = "0FFB4F1E25B342890092BC48"
            BuildableName = "Connect4CLI"
            BlueprintName = "Connect4CLI"
            ReferencedContainer = "container:Connect4.xcodeproj">
         </BuildableReference>
      </BuildableProductRunnable>
      <CommandLineArguments>
         <CommandLineArgument
            argument = "test-set 0"
            isEnabled = "NO">
         </CommandLineArgument>
         <CommandLineArgument
            argument = "test-set 1"
            isEnabled = "NO">
         </CommandLineArgument>
         <CommandLineArgument
            argument = "test-set 2"
            isEnabled = "NO">
         </CommandLineArgument>
         <CommandLineArgument
            argument = "position 2252576253462244111563365343671351441"
            isEnabled = "NO">
         </CommandLineArgument>
         <CommandLineArgument
            argument = "test-set 0 --weak"
            isEnabled = "NO">
         </CommandLineArgument>
         <CommandLineArgument
            argument = "test-set 1 --weak"
            isEnabled = "NO">
         </CommandLineArgument>
         <CommandLineArgument
            argument = "test-set 2 --weak"
            isEnabled = "YES">
         </CommandLineArgument>
         <CommandLineArgument
            argument = "position 427566236745127177115664464254 --weak"
            isEnabled = "NO">
         </CommandLineArgument>
      </CommandLineArguments>
   </LaunchAction>
   <ProfileAction
      buildConfiguration = "Release"
      shouldUseLaunchSchemeArgsEnv = "YES"
      savedToolIdentifier = ""
      useCustomWorkingDirectory = "NO"
      debugDocumentVersioning = "YES">
      <BuildableProductRunnable
         runnableDebuggingMode = "0">
         <BuildableReference
            BuildableIdentifier = "primary"
            BlueprintIdentifier = "0FFB4F1E25B342890092BC48"
            BuildableName = "Connect4CLI"
            BlueprintName = "Connect4CLI"
            ReferencedContainer = "container:Connect4.xcodeproj">
         </BuildableReference>
      </BuildableProductRunnable>
   </ProfileAction>
   <AnalyzeAction
      buildConfiguration = "Debug">
   </AnalyzeAction>
   <ArchiveAction
      buildConfiguration = "Release"
      revealArchiveInOrganizer = "YES">
   </ArchiveAction>
</Scheme>
